
Microsoft Visual Studio Solution File, Format Version 12.00
# Visual Studio Version 17
VisualStudioVersion = 17.10.35027.167
MinimumVisualStudioVersion = 10.0.40219.1
Project("{FAE04EC0-301F-11D3-BF4B-00C04F79EFBC}") = "Pattern01_ExtractMethod", "Pattern01_ExtractMethod\Pattern01_ExtractMethod.csproj", "{D27061BE-1E5A-4F03-AF80-7A7A7470B4D8}"
EndProject
Global
	GlobalSection(SolutionConfigurationPlatforms) = preSolution
		Debug|Any CPU = Debug|Any CPU
		Release|Any CPU = Release|Any CPU
	EndGlobalSection
	GlobalSection(ProjectConfigurationPlatforms) = postSolution
		{D27061BE-1E5A-4F03-AF80-7A7A7470B4D8}.Debug|Any CPU.ActiveCfg = Debug|Any CPU
		{D27061BE-1E5A-4F03-AF80-7A7A7470B4D8}.Debug|Any CPU.Build.0 = Debug|Any CPU
		{D27061BE-1E5A-4F03-AF80-7A7A7470B4D8}.Release|Any CPU.ActiveCfg = Release|Any CPU
		{D27061BE-1E5A-4F03-AF80-7A7A7470B4D8}.Release|Any CPU.Build.0 = Release|Any CPU
	EndGlobalSection
	GlobalSection(SolutionProperties) = preSolution
		HideSolutionNode = FALSE
	EndGlobalSection
	GlobalSection(ExtensibilityGlobals) = postSolution
		SolutionGuid = {5A6CBF93-E9F0-43B2-8FB7-03B1FCD5632B}
	EndGlobalSection
EndGlobal
